
Microsoft Visual Studio Solution File, Format Version 12.00
# Visual Studio Version 17
VisualStudioVersion = 17.6.33717.318
MinimumVisualStudioVersion = 10.0.40219.1
Project("{9A19103F-16F7-4668-BE54-9A1E7A4F7556}") = "Elearninig.Getway", "src\Elearninig.Getway\Elearninig.Getway.csproj", "{3E340E77-B983-4FD7-9D6B-C065E6BB23D7}"
EndProject
Project("{2150E333-8FDC-42A3-9474-1A3956D46DE8}") = "Elearninig.Base", "Elearninig.Base", "{92F050B4-2592-4344-BA9F-25A183F86485}"
EndProject
Project("{9A19103F-16F7-4668-BE54-9A1E7A4F7556}") = "Elearninig.Base.API", "src\Elearninig.Base.API\Elearninig.Base.API.csproj", "{96173873-0D94-4F7D-81EC-92B4E69586BB}"
EndProject
Project("{9A19103F-16F7-4668-BE54-9A1E7A4F7556}") = "Elearninig.Base.Application", "src\Elearninig.Base.Application\Elearninig.Base.Application.csproj", "{22815A32-8CCD-4557-9C01-645CD353FB81}"
EndProject
Project("{9A19103F-16F7-4668-BE54-9A1E7A4F7556}") = "Elearninig.Base.Domain", "src\Elearninig.Base.Domain\Elearninig.Base.Domain.csproj", "{AF47ABCB-037E-47EC-92F5-9AB1F5DB11C3}"
EndProject
Project("{9A19103F-16F7-4668-BE54-9A1E7A4F7556}") = "Elearninig.Base.Infrastructure", "src\Elearninig.Base.Infrastructure\Elearninig.Base.Infrastructure.csproj", "{116D0014-AC94-4168-A69F-1CB765A17A43}"
EndProject
Project("{2150E333-8FDC-42A3-9474-1A3956D46DE8}") = "Elearninig.Packages", "Elearninig.Packages", "{8475A9E0-95C8-4EF7-836C-53FC41433A5B}"
EndProject
Project("{2150E333-8FDC-42A3-9474-1A3956D46DE8}") = "Elearninig.Shared", "Elearninig.Shared", "{31D37CA2-F0FA-4369-9BC2-CD931AC86B17}"
EndProject
Project("{FAE04EC0-301F-11D3-BF4B-00C04F79EFBC}") = "Elearninig.Shared.Core", "src\Elearninig.Shared.core\Elearninig.Shared.Core.csproj", "{03514C50-2E81-4F9B-A3F7-05EBCC1B308B}"
EndProject
Project("{FAE04EC0-301F-11D3-BF4B-00C04F79EFBC}") = "TicketManagement.Base.Helpers", "TicketManagement.Base.Helpers\TicketManagement.Base.Helpers.csproj", "{7BEA4304-DA27-48DD-90F8-AC34C348FB5F}"
EndProject
Project("{FAE04EC0-301F-11D3-BF4B-00C04F79EFBC}") = "Elearninig.Packages.Excel", "src\Elearninig.Packages.Excel\Elearninig.Packages.Excel.csproj", "{733B4288-881F-4522-826A-5B3DA082DF7A}"
EndProject
Project("{FAE04EC0-301F-11D3-BF4B-00C04F79EFBC}") = "Elearninig.Packages.Hangfire", "src\Elearninig.Packages.Hangfire\Elearninig.Packages.Hangfire.csproj", "{6C0E4A0B-5C14-4D68-93F0-A230B295AF74}"
EndProject
Global
	GlobalSection(SolutionConfigurationPlatforms) = preSolution
		Debug|Any CPU = Debug|Any CPU
		Release|Any CPU = Release|Any CPU
	EndGlobalSection
	GlobalSection(ProjectConfigurationPlatforms) = postSolution
		{3E340E77-B983-4FD7-9D6B-C065E6BB23D7}.Debug|Any CPU.ActiveCfg = Debug|Any CPU
		{3E340E77-B983-4FD7-9D6B-C065E6BB23D7}.Debug|Any CPU.Build.0 = Debug|Any CPU
		{3E340E77-B983-4FD7-9D6B-C065E6BB23D7}.Release|Any CPU.ActiveCfg = Release|Any CPU
		{3E340E77-B983-4FD7-9D6B-C065E6BB23D7}.Release|Any CPU.Build.0 = Release|Any CPU
		{96173873-0D94-4F7D-81EC-92B4E69586BB}.Debug|Any CPU.ActiveCfg = Debug|Any CPU
		{96173873-0D94-4F7D-81EC-92B4E69586BB}.Debug|Any CPU.Build.0 = Debug|Any CPU
		{96173873-0D94-4F7D-81EC-92B4E69586BB}.Release|Any CPU.ActiveCfg = Release|Any CPU
		{96173873-0D94-4F7D-81EC-92B4E69586BB}.Release|Any CPU.Build.0 = Release|Any CPU
		{22815A32-8CCD-4557-9C01-645CD353FB81}.Debug|Any CPU.ActiveCfg = Debug|Any CPU
		{22815A32-8CCD-4557-9C01-645CD353FB81}.Debug|Any CPU.Build.0 = Debug|Any CPU
		{22815A32-8CCD-4557-9C01-645CD353FB81}.Release|Any CPU.ActiveCfg = Release|Any CPU
		{22815A32-8CCD-4557-9C01-645CD353FB81}.Release|Any CPU.Build.0 = Release|Any CPU
		{AF47ABCB-037E-47EC-92F5-9AB1F5DB11C3}.Debug|Any CPU.ActiveCfg = Debug|Any CPU
		{AF47ABCB-037E-47EC-92F5-9AB1F5DB11C3}.Debug|Any CPU.Build.0 = Debug|Any CPU
		{AF47ABCB-037E-47EC-92F5-9AB1F5DB11C3}.Release|Any CPU.ActiveCfg = Release|Any CPU
		{AF47ABCB-037E-47EC-92F5-9AB1F5DB11C3}.Release|Any CPU.Build.0 = Release|Any CPU
		{116D0014-AC94-4168-A69F-1CB765A17A43}.Debug|Any CPU.ActiveCfg = Debug|Any CPU
		{116D0014-AC94-4168-A69F-1CB765A17A43}.Debug|Any CPU.Build.0 = Debug|Any CPU
		{116D0014-AC94-4168-A69F-1CB765A17A43}.Release|Any CPU.ActiveCfg = Release|Any CPU
		{116D0014-AC94-4168-A69F-1CB765A17A43}.Release|Any CPU.Build.0 = Release|Any CPU
		{03514C50-2E81-4F9B-A3F7-05EBCC1B308B}.Debug|Any CPU.ActiveCfg = Debug|Any CPU
		{03514C50-2E81-4F9B-A3F7-05EBCC1B308B}.Debug|Any CPU.Build.0 = Debug|Any CPU
		{03514C50-2E81-4F9B-A3F7-05EBCC1B308B}.Release|Any CPU.ActiveCfg = Release|Any CPU
		{03514C50-2E81-4F9B-A3F7-05EBCC1B308B}.Release|Any CPU.Build.0 = Release|Any CPU
		{7BEA4304-DA27-48DD-90F8-AC34C348FB5F}.Debug|Any CPU.ActiveCfg = Debug|Any CPU
		{7BEA4304-DA27-48DD-90F8-AC34C348FB5F}.Debug|Any CPU.Build.0 = Debug|Any CPU
		{7BEA4304-DA27-48DD-90F8-AC34C348FB5F}.Release|Any CPU.ActiveCfg = Release|Any CPU
		{7BEA4304-DA27-48DD-90F8-AC34C348FB5F}.Release|Any CPU.Build.0 = Release|Any CPU
		{733B4288-881F-4522-826A-5B3DA082DF7A}.Debug|Any CPU.ActiveCfg = Debug|Any CPU
		{733B4288-881F-4522-826A-5B3DA082DF7A}.Debug|Any CPU.Build.0 = Debug|Any CPU
		{733B4288-881F-4522-826A-5B3DA082DF7A}.Release|Any CPU.ActiveCfg = Release|Any CPU
		{733B4288-881F-4522-826A-5B3DA082DF7A}.Release|Any CPU.Build.0 = Release|Any CPU
		{6C0E4A0B-5C14-4D68-93F0-A230B295AF74}.Debug|Any CPU.ActiveCfg = Debug|Any CPU
		{6C0E4A0B-5C14-4D68-93F0-A230B295AF74}.Debug|Any CPU.Build.0 = Debug|Any CPU
		{6C0E4A0B-5C14-4D68-93F0-A230B295AF74}.Release|Any CPU.ActiveCfg = Release|Any CPU
		{6C0E4A0B-5C14-4D68-93F0-A230B295AF74}.Release|Any CPU.Build.0 = Release|Any CPU
	EndGlobalSection
	GlobalSection(SolutionProperties) = preSolution
		HideSolutionNode = FALSE
	EndGlobalSection
	GlobalSection(NestedProjects) = preSolution
		{96173873-0D94-4F7D-81EC-92B4E69586BB} = {92F050B4-2592-4344-BA9F-25A183F86485}
		{22815A32-8CCD-4557-9C01-645CD353FB81} = {92F050B4-2592-4344-BA9F-25A183F86485}
		{AF47ABCB-037E-47EC-92F5-9AB1F5DB11C3} = {92F050B4-2592-4344-BA9F-25A183F86485}
		{116D0014-AC94-4168-A69F-1CB765A17A43} = {92F050B4-2592-4344-BA9F-25A183F86485}
		{03514C50-2E81-4F9B-A3F7-05EBCC1B308B} = {31D37CA2-F0FA-4369-9BC2-CD931AC86B17}
		{7BEA4304-DA27-48DD-90F8-AC34C348FB5F} = {92F050B4-2592-4344-BA9F-25A183F86485}
		{733B4288-881F-4522-826A-5B3DA082DF7A} = {8475A9E0-95C8-4EF7-836C-53FC41433A5B}
		{6C0E4A0B-5C14-4D68-93F0-A230B295AF74} = {8475A9E0-95C8-4EF7-836C-53FC41433A5B}
	EndGlobalSection
	GlobalSection(ExtensibilityGlobals) = postSolution
		SolutionGuid = {A73432C9-849E-43C4-A8A1-DC37F54EEE24}
	EndGlobalSection
EndGlobal
